Microsoft Visual Studio Solution File, Format Version 12.00
# Visual Studio Version 17
VisualStudioVersion = 17.11.35017.193
MinimumVisualStudioVersion = 10.0.40219.1
Project("{2150E333-8FDC-42A3-9474-1A3956D46DE8}") = "tests", "tests", "{840BC319-8050-41D7-896E-843CE307293C}"
EndProject
Project("{2150E333-8FDC-42A3-9474-1A3956D46DE8}") = "docs", "docs", "{9B1973B8-F8D2-4274-A65D-E6792AE74FFB}"
	ProjectSection(SolutionItems) = preProject
		docs\CHANGELOG.md = docs\CHANGELOG.md
		docs\LICENSE = docs\LICENSE
		docs\README.md = docs\README.md
		docs\REQUIREMENTS.md = docs\REQUIREMENTS.md
	EndProjectSection
EndProject
Project("{2150E333-8FDC-42A3-9474-1A3956D46DE8}") = "Solution Items", "Solution Items", "{281EB659-9720-47C7-ABF9-62B1B81E2EF5}"
	ProjectSection(SolutionItems) = preProject
		.dockerignore = .dockerignore
		.editorconfig = .editorconfig
		.gitignore = .gitignore
		Directory.Build.props = Directory.Build.props
	EndProjectSection
EndProject
Project("{9A19103F-16F7-4668-BE54-9A1E7A4F7556}") = "KinKeeper.UnitTests", "tests\KinKeeper.UnitTests\KinKeeper.UnitTests.csproj", "{128EBDAE-25BB-4BE6-9ED6-528F0F473C18}"
EndProject
Project("{9A19103F-16F7-4668-BE54-9A1E7A4F7556}") = "KinKeeper.Api", "src\KinKeeper.Api\KinKeeper.Api.csproj", "{BCE3FEDA-5CC2-4020-9D53-B8EF2D5360CF}"
EndProject
Project("{9A19103F-16F7-4668-BE54-9A1E7A4F7556}") = "KinKeeper.Core", "src\KinKeeper.Core\KinKeeper.Core.csproj", "{844F1866-7419-4250-BDE7-CDA691E0C2FC}"
EndProject
Global
	GlobalSection(SolutionConfigurationPlatforms) = preSolution
		Debug|Any CPU = Debug|Any CPU
		Release|Any CPU = Release|Any CPU
	EndGlobalSection
	GlobalSection(ProjectConfigurationPlatforms) = postSolution
		{128EBDAE-25BB-4BE6-9ED6-528F0F473C18}.Debug|Any CPU.ActiveCfg = Debug|Any CPU
		{128EBDAE-25BB-4BE6-9ED6-528F0F473C18}.Debug|Any CPU.Build.0 = Debug|Any CPU
		{128EBDAE-25BB-4BE6-9ED6-528F0F473C18}.Release|Any CPU.ActiveCfg = Release|Any CPU
		{128EBDAE-25BB-4BE6-9ED6-528F0F473C18}.Release|Any CPU.Build.0 = Release|Any CPU
		{BCE3FEDA-5CC2-4020-9D53-B8EF2D5360CF}.Debug|Any CPU.ActiveCfg = Debug|Any CPU
		{BCE3FEDA-5CC2-4020-9D53-B8EF2D5360CF}.Debug|Any CPU.Build.0 = Debug|Any CPU
		{BCE3FEDA-5CC2-4020-9D53-B8EF2D5360CF}.Release|Any CPU.ActiveCfg = Release|Any CPU
		{BCE3FEDA-5CC2-4020-9D53-B8EF2D5360CF}.Release|Any CPU.Build.0 = Release|Any CPU
		{844F1866-7419-4250-BDE7-CDA691E0C2FC}.Debug|Any CPU.ActiveCfg = Debug|Any CPU
		{844F1866-7419-4250-BDE7-CDA691E0C2FC}.Debug|Any CPU.Build.0 = Debug|Any CPU
		{844F1866-7419-4250-BDE7-CDA691E0C2FC}.Release|Any CPU.ActiveCfg = Release|Any CPU
		{844F1866-7419-4250-BDE7-CDA691E0C2FC}.Release|Any CPU.Build.0 = Release|Any CPU
	EndGlobalSection
	GlobalSection(SolutionProperties) = preSolution
		HideSolutionNode = FALSE
	EndGlobalSection
	GlobalSection(NestedProjects) = preSolution
		{128EBDAE-25BB-4BE6-9ED6-528F0F473C18} = {840BC319-8050-41D7-896E-843CE307293C}
	EndGlobalSection
	GlobalSection(ExtensibilityGlobals) = postSolution
		SolutionGuid = {46A1E346-6E73-4E07-AA9E-9CBCE6522674}
	EndGlobalSection
EndGlobal
